
Microsoft Visual Studio Solution File, Format Version 12.00
# Visual Studio Version 16
VisualStudioVersion = 16.0.33927.289
MinimumVisualStudioVersion = 10.0.40219.1
Project("{2150E333-8FDC-42A3-9474-1A3956D46DE8}") = "Task0", "Task0", "{78C3DB91-94B7-46B0-895E-31385D86BF1F}"
EndProject
Project("{FAE04EC0-301F-11D3-BF4B-00C04F79EFBC}") = "Tyuiu.BrukhovAA.Sprint5.Task0.V30", "Tyuiu.BrukhovAA.Sprint5.Task0.V30\Tyuiu.BrukhovAA.Sprint5.Task0.V30.csproj", "{7521C9F2-2E15-4FF5-A16F-4B7B47ABF077}"
EndProject
Project("{FAE04EC0-301F-11D3-BF4B-00C04F79EFBC}") = "Tyuiu.BrukhovAA.Sprint5.Task0.V30.Lib", "Tyuiu.BrukhovAA.Sprint5.Task0.V30.Lib\Tyuiu.BrukhovAA.Sprint5.Task0.V30.Lib.csproj", "{53F9E26F-014C-4841-AB97-B72D4BFF3688}"
EndProject
Project("{FAE04EC0-301F-11D3-BF4B-00C04F79EFBC}") = "Tyuiu.BrukhovAA.Sprint5.Task0.V30.Test", "Tyuiu.BrukhovAA.Sprint5.Task0.V30.Test\Tyuiu.BrukhovAA.Sprint5.Task0.V30.Test.csproj", "{31D7E3E1-366A-4D0B-9AF0-5FFE1158BE1E}"
EndProject
Project("{2150E333-8FDC-42A3-9474-1A3956D46DE8}") = "Task1", "Task1", "{A6E00B4D-E93B-4613-90DA-676B2EADCCB0}"
EndProject
Project("{FAE04EC0-301F-11D3-BF4B-00C04F79EFBC}") = "Tyuiu.BrukhovAA.Sprint5.Task1.V5.Lib", "Tyuiu.BrukhovAA.Sprint5.Task1.V5.Lib\Tyuiu.BrukhovAA.Sprint5.Task1.V5.Lib.csproj", "{5EBF79E1-0E55-41C9-930C-AD835D3ECD45}"
EndProject
Project("{FAE04EC0-301F-11D3-BF4B-00C04F79EFBC}") = "Tyuiu.BrukhovAA.Sprint5.Task1.V5.Test", "Tyuiu.BrukhovAA.Sprint5.Task1.V5.Test\Tyuiu.BrukhovAA.Sprint5.Task1.V5.Test.csproj", "{68AFBC52-0033-4ECC-8DF6-08AEB1D3A0C7}"
EndProject
Project("{FAE04EC0-301F-11D3-BF4B-00C04F79EFBC}") = "Tyuiu.BrukhovAA.Sprint5.Task1.V5", "Tyuiu.BrukhovAA.Sprint5.Task1.V5\Tyuiu.BrukhovAA.Sprint5.Task1.V5.csproj", "{B91E357D-7E4B-4552-9BF6-A6DF4F64A1F0}"
EndProject
Project("{2150E333-8FDC-42A3-9474-1A3956D46DE8}") = "Task2", "Task2", "{1FF0A107-63B2-4B92-B109-13295C0BCEE7}"
EndProject
Project("{FAE04EC0-301F-11D3-BF4B-00C04F79EFBC}") = "Tyuiu.BrukhovAA.Sprint5.Task2.V27", "Tyuiu.BrukhovAA.Sprint5.Task2.V27\Tyuiu.BrukhovAA.Sprint5.Task2.V27.csproj", "{51C1FA44-AE72-4A5D-982B-D2EABAF17947}"
EndProject
Project("{FAE04EC0-301F-11D3-BF4B-00C04F79EFBC}") = "Tyuiu.BrukhovAA.Sprint5.Task2.V27.Lib", "Tyuiu.BrukhovAA.Sprint5.Task2.V27.Lib\Tyuiu.BrukhovAA.Sprint5.Task2.V27.Lib.csproj", "{EA95535F-C373-428B-82D2-BC112CA566DD}"
EndProject
Project("{FAE04EC0-301F-11D3-BF4B-00C04F79EFBC}") = "Tyuiu.BrukhovAA.Sprint5.Task2.V27.Test", "Tyuiu.BrukhovAA.Sprint5.Task2.V27.Test\Tyuiu.BrukhovAA.Sprint5.Task2.V27.Test.csproj", "{261B22A5-8C73-43E5-9B36-ECE1E54AA539}"
EndProject
Project("{2150E333-8FDC-42A3-9474-1A3956D46DE8}") = "Task3", "Task3", "{4D253F78-56AE-44BA-9503-60BB3C00C37B}"
EndProject
Project("{FAE04EC0-301F-11D3-BF4B-00C04F79EFBC}") = "Tyuiu.BrukhovAA.Sprint5.Task3.V11", "Tyuiu.BrukhovAA.Sprint5.Task3.V11\Tyuiu.BrukhovAA.Sprint5.Task3.V11.csproj", "{4B584705-E916-4207-8359-DB4D622DEB82}"
EndProject
Project("{FAE04EC0-301F-11D3-BF4B-00C04F79EFBC}") = "Tyuiu.BrukhovAA.Sprint5.Task3.V11.Lib", "Tyuiu.BrukhovAA.Sprint5.Task3.V11.Lib\Tyuiu.BrukhovAA.Sprint5.Task3.V11.Lib.csproj", "{64FDE247-88C4-4C9D-9464-4CAD881FC1DF}"
EndProject
Project("{FAE04EC0-301F-11D3-BF4B-00C04F79EFBC}") = "Tyuiu.BrukhovAA.Sprint5.Task3.V11.Test", "Tyuiu.BrukhovAA.Sprint5.Task3.V11.Test\Tyuiu.BrukhovAA.Sprint5.Task3.V11.Test.csproj", "{08811C4B-5CE4-4C9A-B717-11AB40C8BBB5}"
EndProject
Global
	GlobalSection(SolutionConfigurationPlatforms) = preSolution
		Debug|Any CPU = Debug|Any CPU
		Release|Any CPU = Release|Any CPU
	EndGlobalSection
	GlobalSection(ProjectConfigurationPlatforms) = postSolution
		{7521C9F2-2E15-4FF5-A16F-4B7B47ABF077}.Debug|Any CPU.ActiveCfg = Debug|Any CPU
		{7521C9F2-2E15-4FF5-A16F-4B7B47ABF077}.Debug|Any CPU.Build.0 = Debug|Any CPU
		{7521C9F2-2E15-4FF5-A16F-4B7B47ABF077}.Release|Any CPU.ActiveCfg = Release|Any CPU
		{7521C9F2-2E15-4FF5-A16F-4B7B47ABF077}.Release|Any CPU.Build.0 = Release|Any CPU
		{53F9E26F-014C-4841-AB97-B72D4BFF3688}.Debug|Any CPU.ActiveCfg = Debug|Any CPU
		{53F9E26F-014C-4841-AB97-B72D4BFF3688}.Debug|Any CPU.Build.0 = Debug|Any CPU
		{53F9E26F-014C-4841-AB97-B72D4BFF3688}.Release|Any CPU.ActiveCfg = Release|Any CPU
		{53F9E26F-014C-4841-AB97-B72D4BFF3688}.Release|Any CPU.Build.0 = Release|Any CPU
		{31D7E3E1-366A-4D0B-9AF0-5FFE1158BE1E}.Debug|Any CPU.ActiveCfg = Debug|Any CPU
		{31D7E3E1-366A-4D0B-9AF0-5FFE1158BE1E}.Debug|Any CPU.Build.0 = Debug|Any CPU
		{31D7E3E1-366A-4D0B-9AF0-5FFE1158BE1E}.Release|Any CPU.ActiveCfg = Release|Any CPU
		{31D7E3E1-366A-4D0B-9AF0-5FFE1158BE1E}.Release|Any CPU.Build.0 = Release|Any CPU
		{5EBF79E1-0E55-41C9-930C-AD835D3ECD45}.Debug|Any CPU.ActiveCfg = Debug|Any CPU
		{5EBF79E1-0E55-41C9-930C-AD835D3ECD45}.Debug|Any CPU.Build.0 = Debug|Any CPU
		{5EBF79E1-0E55-41C9-930C-AD835D3ECD45}.Release|Any CPU.ActiveCfg = Release|Any CPU
		{5EBF79E1-0E55-41C9-930C-AD835D3ECD45}.Release|Any CPU.Build.0 = Release|Any CPU
		{68AFBC52-0033-4ECC-8DF6-08AEB1D3A0C7}.Debug|Any CPU.ActiveCfg = Debug|Any CPU
		{68AFBC52-0033-4ECC-8DF6-08AEB1D3A0C7}.Debug|Any CPU.Build.0 = Debug|Any CPU
		{68AFBC52-0033-4ECC-8DF6-08AEB1D3A0C7}.Release|Any CPU.ActiveCfg = Release|Any CPU
		{68AFBC52-0033-4ECC-8DF6-08AEB1D3A0C7}.Release|Any CPU.Build.0 = Release|Any CPU
		{B91E357D-7E4B-4552-9BF6-A6DF4F64A1F0}.Debug|Any CPU.ActiveCfg = Debug|Any CPU
		{B91E357D-7E4B-4552-9BF6-A6DF4F64A1F0}.Debug|Any CPU.Build.0 = Debug|Any CPU
		{B91E357D-7E4B-4552-9BF6-A6DF4F64A1F0}.Release|Any CPU.ActiveCfg = Release|Any CPU
		{B91E357D-7E4B-4552-9BF6-A6DF4F64A1F0}.Release|Any CPU.Build.0 = Release|Any CPU
		{51C1FA44-AE72-4A5D-982B-D2EABAF17947}.Debug|Any CPU.ActiveCfg = Debug|Any CPU
		{51C1FA44-AE72-4A5D-982B-D2EABAF17947}.Debug|Any CPU.Build.0 = Debug|Any CPU
		{51C1FA44-AE72-4A5D-982B-D2EABAF17947}.Release|Any CPU.ActiveCfg = Release|Any CPU
		{51C1FA44-AE72-4A5D-982B-D2EABAF17947}.Release|Any CPU.Build.0 = Release|Any CPU
		{EA95535F-C373-428B-82D2-BC112CA566DD}.Debug|Any CPU.ActiveCfg = Debug|Any CPU
		{EA95535F-C373-428B-82D2-BC112CA566DD}.Debug|Any CPU.Build.0 = Debug|Any CPU
		{EA95535F-C373-428B-82D2-BC112CA566DD}.Release|Any CPU.ActiveCfg = Release|Any CPU
		{EA95535F-C373-428B-82D2-BC112CA566DD}.Release|Any CPU.Build.0 = Release|Any CPU
		{261B22A5-8C73-43E5-9B36-ECE1E54AA539}.Debug|Any CPU.ActiveCfg = Debug|Any CPU
		{261B22A5-8C73-43E5-9B36-ECE1E54AA539}.Debug|Any CPU.Build.0 = Debug|Any CPU
		{261B22A5-8C73-43E5-9B36-ECE1E54AA539}.Release|Any CPU.ActiveCfg = Release|Any CPU
		{261B22A5-8C73-43E5-9B36-ECE1E54AA539}.Release|Any CPU.Build.0 = Release|Any CPU
		{4B584705-E916-4207-8359-DB4D622DEB82}.Debug|Any CPU.ActiveCfg = Debug|Any CPU
		{4B584705-E916-4207-8359-DB4D622DEB82}.Debug|Any CPU.Build.0 = Debug|Any CPU
		{4B584705-E916-4207-8359-DB4D622DEB82}.Release|Any CPU.ActiveCfg = Release|Any CPU
		{4B584705-E916-4207-8359-DB4D622DEB82}.Release|Any CPU.Build.0 = Release|Any CPU
		{64FDE247-88C4-4C9D-9464-4CAD881FC1DF}.Debug|Any CPU.ActiveCfg = Debug|Any CPU
		{64FDE247-88C4-4C9D-9464-4CAD881FC1DF}.Debug|Any CPU.Build.0 = Debug|Any CPU
		{64FDE247-88C4-4C9D-9464-4CAD881FC1DF}.Release|Any CPU.ActiveCfg = Release|Any CPU
		{64FDE247-88C4-4C9D-9464-4CAD881FC1DF}.Release|Any CPU.Build.0 = Release|Any CPU
		{08811C4B-5CE4-4C9A-B717-11AB40C8BBB5}.Debug|Any CPU.ActiveCfg = Debug|Any CPU
		{08811C4B-5CE4-4C9A-B717-11AB40C8BBB5}.Debug|Any CPU.Build.0 = Debug|Any CPU
		{08811C4B-5CE4-4C9A-B717-11AB40C8BBB5}.Release|Any CPU.ActiveCfg = Release|Any CPU
		{08811C4B-5CE4-4C9A-B717-11AB40C8BBB5}.Release|Any CPU.Build.0 = Release|Any CPU
	EndGlobalSection
	GlobalSection(SolutionProperties) = preSolution
		HideSolutionNode = FALSE
	EndGlobalSection
	GlobalSection(NestedProjects) = preSolution
		{7521C9F2-2E15-4FF5-A16F-4B7B47ABF077} = {78C3DB91-94B7-46B0-895E-31385D86BF1F}
		{53F9E26F-014C-4841-AB97-B72D4BFF3688} = {78C3DB91-94B7-46B0-895E-31385D86BF1F}
		{31D7E3E1-366A-4D0B-9AF0-5FFE1158BE1E} = {78C3DB91-94B7-46B0-895E-31385D86BF1F}
		{5EBF79E1-0E55-41C9-930C-AD835D3ECD45} = {A6E00B4D-E93B-4613-90DA-676B2EADCCB0}
		{68AFBC52-0033-4ECC-8DF6-08AEB1D3A0C7} = {A6E00B4D-E93B-4613-90DA-676B2EADCCB0}
		{B91E357D-7E4B-4552-9BF6-A6DF4F64A1F0} = {A6E00B4D-E93B-4613-90DA-676B2EADCCB0}
		{51C1FA44-AE72-4A5D-982B-D2EABAF17947} = {1FF0A107-63B2-4B92-B109-13295C0BCEE7}
		{EA95535F-C373-428B-82D2-BC112CA566DD} = {1FF0A107-63B2-4B92-B109-13295C0BCEE7}
		{261B22A5-8C73-43E5-9B36-ECE1E54AA539} = {1FF0A107-63B2-4B92-B109-13295C0BCEE7}
		{4B584705-E916-4207-8359-DB4D622DEB82} = {4D253F78-56AE-44BA-9503-60BB3C00C37B}
		{64FDE247-88C4-4C9D-9464-4CAD881FC1DF} = {4D253F78-56AE-44BA-9503-60BB3C00C37B}
		{08811C4B-5CE4-4C9A-B717-11AB40C8BBB5} = {4D253F78-56AE-44BA-9503-60BB3C00C37B}
	EndGlobalSection
	GlobalSection(ExtensibilityGlobals) = postSolution
		SolutionGuid = {57A8DDC4-84CD-43C1-937E-01773A265DFA}
	EndGlobalSection
EndGlobal
